{
  "name": "fantastic",
  "version": "1.0.0",
  "lockfileVersion": 2,
  "requires": true,
  "packages": {
    "": {
      "name": "fantastic",
      "version": "1.0.0",
      "license": "ISC",
      "workspaces": [
        "packages/core",
        "packages/web",
        "packages/cli"
      ],
      "devDependencies": {
        "typescript": "^4.7.4"
      }
    },
    "node_modules/@fantastic/cli": {
      "resolved": "packages/cli",
      "link": true
    },
    "node_modules/@fantastic/core": {
      "resolved": "packages/core",
      "link": true
    },
    "node_modules/@fantastic/web": {
      "resolved": "packages/web",
      "link": true
    },
    "node_modules/typescript": {
      "version": "4.7.4",
      "resolved": "https://registry.npmjs.org/typescript/-/typescript-4.7.4.tgz",
      "integrity": "sha512-C0WQT0gezHuw6AdY1M2jxUO83Rjf0HP7Sk1DtXj6j1EwkQNZrHAg2XPWlq62oqEhYvONq5pkC2Y9oPljWToLmQ==",
      "dev": true,
      "bin": {
        "tsc": "bin/tsc",
        "tsserver": "bin/tsserver"
      },
      "engines": {
        "node": ">=4.2.0"
      }
    },
    "packages/cli": {
      "name": "@fantastic/cli",
      "version": "1.0.0",
      "license": "ISC",
      "dependencies": {
        "@fantastic/core": "^1.0.0"
      }
    },
    "packages/core": {
      "name": "@fantastic/core",
      "version": "1.0.0",
      "license": "ISC",
      "devDependencies": {}
    },
    "packages/web": {
      "name": "@fantastic/web",
      "version": "1.0.0",
      "license": "ISC",
      "dependencies": {
        "@fantastic/core": "^1.0.0"
      }
    }
  },
  "dependencies": {
    "@fantastic/cli": {
      "version": "file:packages/cli",
      "requires": {
        "@fantastic/core": "^1.0.0"
      }
    },
    "@fantastic/core": {
      "version": "file:packages/core"
    },
    "@fantastic/web": {
      "version": "file:packages/web",
      "requires": {
        "@fantastic/core": "^1.0.0"
      }
    },
    "typescript": {
      "version": "4.7.4",
      "resolved": "https://registry.npmjs.org/typescript/-/typescript-4.7.4.tgz",
      "integrity": "sha512-C0WQT0gezHuw6AdY1M2jxUO83Rjf0HP7Sk1DtXj6j1EwkQNZrHAg2XPWlq62oqEhYvONq5pkC2Y9oPljWToLmQ==",
      "dev": true
    }
  }
}
